// !$*UTF8*$!
{
	archiveVersion = 1;
	classes = {
	};
	objectVersion = 46;
	objects = {

/* Begin PBXBuildFile section */
		8ABEB5261D98D79400BCB00B /* AppDelegate.swift in Sources */ = {isa = PBXBuildFile; fileRef = 8ABEB5251D98D79400BCB00B /* AppDelegate.swift */; };
		8ABEB5281D98D79400BCB00B /* ViewController.swift in Sources */ = {isa = PBXBuildFile; fileRef = 8ABEB5271D98D79400BCB00B /* ViewController.swift */; };
		8ABEB52B1D98D79400BCB00B /* Main.storyboard in Resources */ = {isa = PBXBuildFile; fileRef = 8ABEB5291D98D79400BCB00B /* Main.storyboard */; };
		8ABEB52D1D98D79400BCB00B /* Assets.xcassets in Resources */ = {isa = PBXBuildFile; fileRef = 8ABEB52C1D98D79400BCB00B /* Assets.xcassets */; };
		8ABEB5301D98D79400BCB00B /* LaunchScreen.storyboard in Resources */ = {isa = PBXBuildFile; fileRef = 8ABEB52E1D98D79400BCB00B /* LaunchScreen.storyboard */; };
		8ABEB53B1D98D79500BCB00B /* tippyTests.swift in Sources */ = {isa = PBXBuildFile; fileRef = 8ABEB53A1D98D79500BCB00B /* tippyTests.swift */; };
		8ABEB5461D98D79500BCB00B /* tippyUITests.swift in Sources */ = {isa = PBXBuildFile; fileRef = 8ABEB5451D98D79500BCB00B /* tippyUITests.swift */; };
/* End PBXBuildFile section */

/* Begin PBXContainerItemProxy section */
		8ABEB5371D98D79500BCB00B /* PBXContainerItemProxy */ = {
			isa = PBXContainerItemProxy;
			containerPortal = 8ABEB51A1D98D79400BCB00B /* Project object */;
			proxyType = 1;
			remoteGlobalIDString = 8ABEB5211D98D79400BCB00B;
			remoteInfo = tippy;
		};
		8ABEB5421D98D79500BCB00B /* PBXContainerItemProxy */ = {
			isa = PBXContainerItemProxy;
			containerPortal = 8ABEB51A1D98D79400BCB00B /* Project object */;
			proxyType = 1;
			remoteGlobalIDString = 8ABEB5211D98D79400BCB00B;
			remoteInfo = tippy;
		};
/* End PBXContainerItemProxy section */

/* Begin PBXFileReference section */
		8ABEB5221D98D79400BCB00B /* tippy.app */ = {isa = PBXFileReference; explicitFileType = wrapper.application; includeInIndex = 0; path = tippy.app; sourceTree = BUILT_PRODUCTS_DIR; };
		8ABEB5251D98D79400BCB00B /* AppDelegate.swift */ = {isa = PBXFileReference; lastKnownFileType = sourcecode.swift; path = AppDelegate.swift; sourceTree = "<group>"; };
		8ABEB5271D98D79400BCB00B /* ViewController.swift */ = {isa = PBXFileReference; lastKnownFileType = sourcecode.swift; path = ViewController.swift; sourceTree = "<group>"; };
		8ABEB52A1D98D79400BCB00B /* Base */ = {isa = PBXFileReference; lastKnownFileType = file.storyboard; name = Base; path = Base.lproj/Main.storyboard; sourceTree = "<group>"; };
		8ABEB52C1D98D79400BCB00B /* Assets.xcassets */ = {isa = PBXFileReference; lastKnownFileType = folder.assetcatalog; path = Assets.xcassets; sourceTree = "<group>"; };
		8ABEB52F1D98D79400BCB00B /* Base */ = {isa = PBXFileReference; lastKnownFileType = file.storyboard; name = Base; path = Base.lproj/LaunchScreen.storyboard; sourceTree = "<group>"; };
		8ABEB5311D98D79400BCB00B /* Info.plist */ = {isa = PBXFileReference; lastKnownFileType = text.plist.xml; path = Info.plist; sourceTree = "<group>"; };
		8ABEB5361D98D79500BCB00B /* tippyTests.xctest */ = {isa = PBXFileReference; explicitFileType = wrapper.cfbundle; includeInIndex = 0; path = tippyTests.xctest; sourceTree = BUILT_PRODUCTS_DIR; };
		8ABEB53A1D98D79500BCB00B /* tippyTests.swift */ = {isa = PBXFileReference; lastKnownFileType = sourcecode.swift; path = tippyTests.swift; sourceTree = "<group>"; };
		8ABEB53C1D98D79500BCB00B /* Info.plist */ = {isa = PBXFileReference; lastKnownFileType = text.plist.xml; path = Info.plist; sourceTree = "<group>"; };
		8ABEB5411D98D79500BCB00B /* tippyUITests.xctest */ = {isa = PBXFileReference; explicitFileType = wrapper.cfbundle; includeInIndex = 0; path = tippyUITests.xctest; sourceTree = BUILT_PRODUCTS_DIR; };
		8ABEB5451D98D79500BCB00B /* tippyUITests.swift */ = {isa = PBXFileReference; lastKnownFileType = sourcecode.swift; path = tippyUITests.swift; sourceTree = "<group>"; };
		8ABEB5471D98D79500BCB00B /* Info.plist */ = {isa = PBXFileReference; lastKnownFileType = text.plist.xml; path = Info.plist; sourceTree = "<group>"; };
/* End PBXFileReference section */

/* Begin PBXFrameworksBuildPhase section */
		8ABEB51F1D98D79400BCB00B /* Frameworks */ = {
			isa = PBXFrameworksBuildPhase;
			buildActionMask = 2147483647;
			files = (
			);
			runOnlyForDeploymentPostprocessing = 0;
		};
		8ABEB5331D98D79500BCB00B /* Frameworks */ = {
			isa = PBXFrameworksBuildPhase;
			buildActionMask = 2147483647;
			files = (
			);
			runOnlyForDeploymentPostprocessing = 0;
		};
		8ABEB53E1D98D79500BCB00B /* Frameworks */ = {
			isa = PBXFrameworksBuildPhase;
			buildActionMask = 2147483647;
			files = (
			);
			runOnlyForDeploymentPostprocessing = 0;
		};
/* End PBXFrameworksBuildPhase section */

/* Begin PBXGroup section */
		8ABEB5191D98D79400BCB00B = {
			isa = PBXGroup;
			children = (
				8ABEB5241D98D79400BCB00B /* tippy */,
				8ABEB5391D98D79500BCB00B /* tippyTests */,
				8ABEB5441D98D79500BCB00B /* tippyUITests */,
				8ABEB5231D98D79400BCB00B /* Products */,
			);
			sourceTree = "<group>";
		};
		8ABEB5231D98D79400BCB00B /* Products */ = {
			isa = PBXGroup;
			children = (
				8ABEB5221D98D79400BCB00B /* tippy.app */,
				8ABEB5361D98D79500BCB00B /* tippyTests.xctest */,
				8ABEB5411D98D79500BCB00B /* tippyUITests.xctest */,
			);
			name = Products;
			sourceTree = "<group>";
		};
		8ABEB5241D98D79400BCB00B /* tippy */ = {
			isa = PBXGroup;
			children = (
				8ABEB5251D98D79400BCB00B /* AppDelegate.swift */,
				8ABEB5271D98D79400BCB00B /* ViewController.swift */,
				8ABEB5291D98D79400BCB00B /* Main.storyboard */,
				8ABEB52C1D98D79400BCB00B /* Assets.xcassets */,
				8ABEB52E1D98D79400BCB00B /* LaunchScreen.storyboard */,
				8ABEB5311D98D79400BCB00B /* Info.plist */,
			);
			path = tippy;
			sourceTree = "<group>";
		};
		8ABEB5391D98D79500BCB00B /* tippyTests */ = {
			isa = PBXGroup;
			children = (
				8ABEB53A1D98D79500BCB00B /* tippyTests.swift */,
				8ABEB53C1D98D79500BCB00B /* Info.plist */,
			);
			path = tippyTests;
			sourceTree = "<group>";
		};
		8ABEB5441D98D79500BCB00B /* tippyUITests */ = {
			isa = PBXGroup;
			children = (
				8ABEB5451D98D79500BCB00B /* tippyUITests.swift */,
				8ABEB5471D98D79500BCB00B /* Info.plist */,
			);
			path = tippyUITests;
			sourceTree = "<group>";
		};
/* End PBXGroup section */

/* Begin PBXNativeTarget section */
		8ABEB5211D98D79400BCB00B /* tippy */ = {
			isa = PBXNativeTarget;
			buildConfigurationList = 8ABEB54A1D98D79500BCB00B /* Build configuration list for PBXNativeTarget "tippy" */;
			buildPhases = (
				8ABEB51E1D98D79400BCB00B /* Sources */,
				8ABEB51F1D98D79400BCB00B /* Frameworks */,
				8ABEB5201D98D79400BCB00B /* Resources */,
			);
			buildRules = (
			);
			dependencies = (
			);
			name = tippy;
			productName = tippy;
			productReference = 8ABEB5221D98D79400BCB00B /* tippy.app */;
			productType = "com.apple.product-type.application";
		};
		8ABEB5351D98D79500BCB00B /* tippyTests */ = {
			isa = PBXNativeTarget;
			buildConfigurationList = 8ABEB54D1D98D79500BCB00B /* Build configuration list for PBXNativeTarget "tippyTests" */;
			buildPhases = (
				8ABEB5321D98D79500BCB00B /* Sources */,
				8ABEB5331D98D79500BCB00B /* Frameworks */,
				8ABEB5341D98D79500BCB00B /* Resources */,
			);
			buildRules = (
			);
			dependencies = (
				8ABEB5381D98D79500BCB00B /* PBXTargetDependency */,
			);
			name = tippyTests;
			productName = tippyTests;
			productReference = 8ABEB5361D98D79500BCB00B /* tippyTests.xctest */;
			productType = "com.apple.product-type.bundle.unit-test";
		};
		8ABEB5401D98D79500BCB00B /* tippyUITests */ = {
			isa = PBXNativeTarget;
			buildConfigurationList = 8ABEB5501D98D79500BCB00B /* Build configuration list for PBXNativeTarget "tippyUITests" */;
			buildPhases = (
				8ABEB53D1D98D79500BCB00B /* Sources */,
				8ABEB53E1D98D79500BCB00B /* Frameworks */,
				8ABEB53F1D98D79500BCB00B /* Resources */,
			);
			buildRules = (
			);
			dependencies = (
				8ABEB5431D98D79500BCB00B /* PBXTargetDependency */,
			);
			name = tippyUITests;
			productName = tippyUITests;
			productReference = 8ABEB5411D98D79500BCB00B /* tippyUITests.xctest */;
			productType = "com.apple.product-type.bundle.ui-testing";
		};
/* End PBXNativeTarget section */

/* Begin PBXProject section */
		8ABEB51A1D98D79400BCB00B /* Project object */ = {
			isa = PBXProject;
			attributes = {
				LastSwiftUpdateCheck = 0730;
				LastUpgradeCheck = 0730;
				ORGANIZATIONNAME = Ruchi;
				TargetAttributes = {
					8ABEB5211D98D79400BCB00B = {
						CreatedOnToolsVersion = 7.3.1;
					};
					8ABEB5351D98D79500BCB00B = {
						CreatedOnToolsVersion = 7.3.1;
						TestTargetID = 8ABEB5211D98D79400BCB00B;
					};
					8ABEB5401D98D79500BCB00B = {
						CreatedOnToolsVersion = 7.3.1;
						TestTargetID = 8ABEB5211D98D79400BCB00B;
					};
				};
			};
			buildConfigurationList = 8ABEB51D1D98D79400BCB00B /* Build configuration list for PBXProject "tippy" */;
			compatibilityVersion = "Xcode 3.2";
			developmentRegion = English;
			hasScannedForEncodings = 0;
			knownRegions = (
				en,
				Base,
			);
			mainGroup = 8ABEB5191D98D79400BCB00B;
			productRefGroup = 8ABEB5231D98D79400BCB00B /* Products */;
			projectDirPath = "";
			projectRoot = "";
			targets = (
				8ABEB5211D98D79400BCB00B /* tippy */,
				8ABEB5351D98D79500BCB00B /* tippyTests */,
				8ABEB5401D98D79500BCB00B /* tippyUITests */,
			);
		};
/* End PBXProject section */

/* Begin PBXResourcesBuildPhase section */
		8ABEB5201D98D79400BCB00B /* Resources */ = {
			isa = PBXResourcesBuildPhase;
			buildActionMask = 2147483647;
			files = (
				8ABEB5301D98D79400BCB00B /* LaunchScreen.storyboard in Resources */,
				8ABEB52D1D98D79400BCB00B /* Assets.xcassets in Resources */,
				8ABEB52B1D98D79400BCB00B /* Main.storyboard in Resources */,
			);
			runOnlyForDeploymentPostprocessing = 0;
		};
		8ABEB5341D98D79500BCB00B /* Resources */ = {
			isa = PBXResourcesBuildPhase;
			buildActionMask = 2147483647;
			files = (
			);
			runOnlyForDeploymentPostprocessing = 0;
		};
		8ABEB53F1D98D79500BCB00B /* Resources */ = {
			isa = PBXResourcesBuildPhase;
			buildActionMask = 2147483647;
			files = (
			);
			runOnlyForDeploymentPostprocessing = 0;
		};
/* End PBXResourcesBuildPhase section */

/* Begin PBXSourcesBuildPhase section */
		8ABEB51E1D98D79400BCB00B /* Sources */ = {
			isa = PBXSourcesBuildPhase;
			buildActionMask = 2147483647;
			files = (
				8ABEB5281D98D79400BCB00B /* ViewController.swift in Sources */,
				8ABEB5261D98D79400BCB00B /* AppDelegate.swift in Sources */,
			);
			runOnlyForDeploymentPostprocessing = 0;
		};
		8ABEB5321D98D79500BCB00B /* Sources */ = {
			isa = PBXSourcesBuildPhase;
			buildActionMask = 2147483647;
			files = (
				8ABEB53B1D98D79500BCB00B /* tippyTests.swift in Sources */,
			);
			runOnlyForDeploymentPostprocessing = 0;
		};
		8ABEB53D1D98D79500BCB00B /* Sources */ = {
			isa = PBXSourcesBuildPhase;
			buildActionMask = 2147483647;
			files = (
				8ABEB5461D98D79500BCB00B /* tippyUITests.swift in Sources */,
			);
			runOnlyForDeploymentPostprocessing = 0;
		};
/* End PBXSourcesBuildPhase section */

/* Begin PBXTargetDependency section */
		8ABEB5381D98D79500BCB00B /* PBXTargetDependency */ = {
			isa = PBXTargetDependency;
			target = 8ABEB5211D98D79400BCB00B /* tippy */;
			targetProxy = 8ABEB5371D98D79500BCB00B /* PBXContainerItemProxy */;
		};
		8ABEB5431D98D79500BCB00B /* PBXTargetDependency */ = {
			isa = PBXTargetDependency;
			target = 8ABEB5211D98D79400BCB00B /* tippy */;
			targetProxy = 8ABEB5421D98D79500BCB00B /* PBXContainerItemProxy */;
		};
/* End PBXTargetDependency section */

/* Begin PBXVariantGroup section */
		8ABEB5291D98D79400BCB00B /* Main.storyboard */ = {
			isa = PBXVariantGroup;
			children = (
				8ABEB52A1D98D79400BCB00B /* Base */,
			);
			name = Main.storyboard;
			sourceTree = "<group>";
		};
		8ABEB52E1D98D79400BCB00B /* LaunchScreen.storyboard */ = {
			isa = PBXVariantGroup;
			children = (
				8ABEB52F1D98D79400BCB00B /* Base */,
			);
			name = LaunchScreen.storyboard;
			sourceTree = "<group>";
		};
/* End PBXVariantGroup section */

/* Begin XCBuildConfiguration section */
		8ABEB5481D98D79500BCB00B /* Debug */ = {
			isa = XCBuildConfiguration;
			buildSettings = {
				ALWAYS_SEARCH_USER_PATHS = NO;
				CLANG_ANALYZER_NONNULL = YES;
				CLANG_CXX_LANGUAGE_STANDARD = "gnu++0x";
				CLANG_CXX_LIBRARY = "libc++";
				CLANG_ENABLE_MODULES = YES;
				CLANG_ENABLE_OBJC_ARC = YES;
				CLANG_WARN_BOOL_CONVERSION = YES;
				CLANG_WARN_CONSTANT_CONVERSION = YES;
				CLANG_WARN_DIRECT_OBJC_ISA_USAGE = YES_ERROR;
				CLANG_WARN_EMPTY_BODY = YES;
				CLANG_WARN_ENUM_CONVERSION = YES;
				CLANG_WARN_INT_CONVERSION = YES;
				CLANG_WARN_OBJC_ROOT_CLASS = YES_ERROR;
				CLANG_WARN_UNREACHABLE_CODE = YES;
				CLANG_WARN__DUPLICATE_METHOD_MATCH = YES;
				"CODE_SIGN_IDENTITY[sdk=iphoneos*]" = "iPhone Developer";
				COPY_PHASE_STRIP = NO;
				DEBUG_INFORMATION_FORMAT = dwarf;
				ENABLE_STRICT_OBJC_MSGSEND = YES;
				ENABLE_TESTABILITY = YES;
				GCC_C_LANGUAGE_STANDARD = gnu99;
				GCC_DYNAMIC_NO_PIC = NO;
				GCC_NO_COMMON_BLOCKS = YES;
				GCC_OPTIMIZATION_LEVEL = 0;
				GCC_PREPROCESSOR_DEFINITIONS = (
					"DEBUG=1",
					"$(inherited)",
				);
				GCC_WARN_64_TO_32_BIT_CONVERSION = YES;
				GCC_WARN_ABOUT_RETURN_TYPE = YES_ERROR;
				GCC_WARN_UNDECLARED_SELECTOR = YES;
				GCC_WARN_UNINITIALIZED_AUTOS = YES_AGGRESSIVE;
				GCC_WARN_UNUSED_FUNCTION = YES;
				GCC_WARN_UNUSED_VARIABLE = YES;
				IPHONEOS_DEPLOYMENT_TARGET = 9.3;
				MTL_ENABLE_DEBUG_INFO = YES;
				ONLY_ACTIVE_ARCH = YES;
				SDKROOT = iphoneos;
				SWIFT_OPTIMIZATION_LEVEL = "-Onone";
			};
			name = Debug;
		};
		8ABEB5491D98D79500BCB00B /* Release */ = {
			isa = XCBuildConfiguration;
			buildSettings = {
				ALWAYS_SEARCH_USER_PATHS = NO;
				CLANG_ANALYZER_NONNULL = YES;
				CLANG_CXX_LANGUAGE_STANDARD = "gnu++0x";
				CLANG_CXX_LIBRARY = "libc++";
				CLANG_ENABLE_MODULES = YES;
				CLANG_ENABLE_OBJC_ARC = YES;
				CLANG_WARN_BOOL_CONVERSION = YES;
				CLANG_WARN_CONSTANT_CONVERSION = YES;
				CLANG_WARN_DIRECT_OBJC_ISA_USAGE = YES_ERROR;
				CLANG_WARN_EMPTY_BODY = YES;
				CLANG_WARN_ENUM_CONVERSION = YES;
				CLANG_WARN_INT_CONVERSION = YES;
				CLANG_WARN_OBJC_ROOT_CLASS = YES_ERROR;
				CLANG_WARN_UNREACHABLE_CODE = YES;
				CLANG_WARN__DUPLICATE_METHOD_MATCH = YES;
				"CODE_SIGN_IDENTITY[sdk=iphoneos*]" = "iPhone Developer";
				COPY_PHASE_STRIP = NO;
				DEBUG_INFORMATION_FORMAT = "dwarf-with-dsym";
				ENABLE_NS_ASSERTIONS = NO;
				ENABLE_STRICT_OBJC_MSGSEND = YES;
				GCC_C_LANGUAGE_STANDARD = gnu99;
				GCC_NO_COMMON_BLOCKS = YES;
				GCC_WARN_64_TO_32_BIT_CONVERSION = YES;
				GCC_WARN_ABOUT_RETURN_TYPE = YES_ERROR;
				GCC_WARN_UNDECLARED_SELECTOR = YES;
				GCC_WARN_UNINITIALIZED_AUTOS = YES_AGGRESSIVE;
				GCC_WARN_UNUSED_FUNCTION = YES;
				GCC_WARN_UNUSED_VARIABLE = YES;
				IPHONEOS_DEPLOYMENT_TARGET = 9.3;
				MTL_ENABLE_DEBUG_INFO = NO;
				SDKROOT = iphoneos;
				VALIDATE_PRODUCT = YES;
			};
			name = Release;
		};
		8ABEB54B1D98D79500BCB00B /* Debug */ = {
			isa = XCBuildConfiguration;
			buildSettings = {
				ASSETCATALOG_COMPILER_APPICON_NAME = AppIcon;
				INFOPLIST_FILE = tippy/Info.plist;
				LD_RUNPATH_SEARCH_PATHS = "$(inherited) @executable_path/Frameworks";
				PRODUCT_BUNDLE_IDENTIFIER = com.rg.tippy;
				PRODUCT_NAME = "$(TARGET_NAME)";
			};
			name = Debug;
		};
		8ABEB54C1D98D79500BCB00B /* Release */ = {
			isa = XCBuildConfiguration;
			buildSettings = {
				ASSETCATALOG_COMPILER_APPICON_NAME = AppIcon;
				INFOPLIST_FILE = tippy/Info.plist;
				LD_RUNPATH_SEARCH_PATHS = "$(inherited) @executable_path/Frameworks";
				PRODUCT_BUNDLE_IDENTIFIER = com.rg.tippy;
				PRODUCT_NAME = "$(TARGET_NAME)";
			};
			name = Release;
		};
		8ABEB54E1D98D79500BCB00B /* Debug */ = {
			isa = XCBuildConfiguration;
			buildSettings = {
				BUNDLE_LOADER = "$(TEST_HOST)";
				INFOPLIST_FILE = tippyTests/Info.plist;
				LD_RUNPATH_SEARCH_PATHS = "$(inherited) @executable_path/Frameworks @loader_path/Frameworks";
				PRODUCT_BUNDLE_IDENTIFIER = com.rg.tippyTests;
				PRODUCT_NAME = "$(TARGET_NAME)";
				TEST_HOST = "$(BUILT_PRODUCTS_DIR)/tippy.app/tippy";
			};
			name = Debug;
		};
		8ABEB54F1D98D79500BCB00B /* Release */ = {
			isa = XCBuildConfiguration;
			buildSettings = {
				BUNDLE_LOADER = "$(TEST_HOST)";
				INFOPLIST_FILE = tippyTests/Info.plist;
				LD_RUNPATH_SEARCH_PATHS = "$(inherited) @executable_path/Frameworks @loader_path/Frameworks";
				PRODUCT_BUNDLE_IDENTIFIER = com.rg.tippyTests;
				PRODUCT_NAME = "$(TARGET_NAME)";
				TEST_HOST = "$(BUILT_PRODUCTS_DIR)/tippy.app/tippy";
			};
			name = Release;
		};
		8ABEB5511D98D79500BCB00B /* Debug */ = {
			isa = XCBuildConfiguration;
			buildSettings = {
				INFOPLIST_FILE = tippyUITests/Info.plist;
				LD_RUNPATH_SEARCH_PATHS = "$(inherited) @executable_path/Frameworks @loader_path/Frameworks";
				PRODUCT_BUNDLE_IDENTIFIER = com.rg.tippyUITests;
				PRODUCT_NAME = "$(TARGET_NAME)";
				TEST_TARGET_NAME = tippy;
			};
			name = Debug;
		};
		8ABEB5521D98D79500BCB00B /* Release */ = {
			isa = XCBuildConfiguration;
			buildSettings = {
				INFOPLIST_FILE = tippyUITests/Info.plist;
				LD_RUNPATH_SEARCH_PATHS = "$(inherited) @executable_path/Frameworks @loader_path/Frameworks";
				PRODUCT_BUNDLE_IDENTIFIER = com.rg.tippyUITests;
				PRODUCT_NAME = "$(TARGET_NAME)";
				TEST_TARGET_NAME = tippy;
			};
			name = Release;
		};
/* End XCBuildConfiguration section */

/* Begin XCConfigurationList section */
		8ABEB51D1D98D79400BCB00B /* Build configuration list for PBXProject "tippy" */ = {
			isa = XCConfigurationList;
			buildConfigurations = (
				8ABEB5481D98D79500BCB00B /* Debug */,
				8ABEB5491D98D79500BCB00B /* Release */,
			);
			defaultConfigurationIsVisible = 0;
			defaultConfigurationName = Release;
		};
		8ABEB54A1D98D79500BCB00B /* Build configuration list for PBXNativeTarget "tippy" */ = {
			isa = XCConfigurationList;
			buildConfigurations = (
				8ABEB54B1D98D79500BCB00B /* Debug */,
				8ABEB54C1D98D79500BCB00B /* Release */,
			);
			defaultConfigurationIsVisible = 0;
		};
		8ABEB54D1D98D79500BCB00B /* Build configuration list for PBXNativeTarget "tippyTests" */ = {
			isa = XCConfigurationList;
			buildConfigurations = (
				8ABEB54E1D98D79500BCB00B /* Debug */,
				8ABEB54F1D98D79500BCB00B /* Release */,
			);
			defaultConfigurationIsVisible = 0;
		};
		8ABEB5501D98D79500BCB00B /* Build configuration list for PBXNativeTarget "tippyUITests" */ = {
			isa = XCConfigurationList;
			buildConfigurations = (
				8ABEB5511D98D79500BCB00B /* Debug */,
				8ABEB5521D98D79500BCB00B /* Release */,
			);
			defaultConfigurationIsVisible = 0;
		};
/* End XCConfigurationList section */
	};
	rootObject = 8ABEB51A1D98D79400BCB00B /* Project object */;
}
